<?xml version="1.0" encoding="utf-8"?>
<Project ToolsVersion="4.0" xmlns="http://schemas.microsoft.com/developer/msbuild/2003">
  <ItemGroup>
    <Filter Include="源文件">
      <UniqueIdentifier>{4FC737F1-C7A5-4376-A066-2A32D752A2FF}</UniqueIdentifier>
      <Extensions>cpp;c;cc;cxx;def;odl;idl;hpj;bat;asm;asmx</Extensions>
    </Filter>
    <Filter Include="头文件">
      <UniqueIdentifier>{93995380-89BD-4b04-88EB-625FBE52EBFB}</UniqueIdentifier>
      <Extensions>h;hh;hpp;hxx;hm;inl;inc;xsd</Extensions>
    </Filter>
    <Filter Include="资源文件">
      <UniqueIdentifier>{67DA6AB6-F800-4c08-8B7A-83BB121AAD01}</UniqueIdentifier>
      <Extensions>rc;ico;cur;bmp;dlg;rc2;rct;bin;rgs;gif;jpg;jpeg;jpe;resx;tiff;tif;png;wav;mfcribbon-ms</Extensions>
    </Filter>
    <Filter Include="Moc_File">
      <UniqueIdentifier>{4fe741c1-5616-405a-8f40-1674c62627e2}</UniqueIdentifier>
    </Filter>
    <Filter Include="头文件\properties">
      <UniqueIdentifier>{f55c7fbb-da59-4f8a-bf20-ee0bc52466a2}</UniqueIdentifier>
    </Filter>
    <Filter Include="源文件\properties">
      <UniqueIdentifier>{a71f3eed-fffe-47ea-ac66-0a046473315d}</UniqueIdentifier>
    </Filter>
  </ItemGroup>
  <ItemGroup>
    <ClCompile Include="InviwoDockWidget.cpp">
      <Filter>源文件</Filter>
    </ClCompile>
    <ClCompile Include="InviwoDockWidgetTitleBar.cpp">
      <Filter>源文件</Filter>
    </ClCompile>
    <ClCompile Include="propertylistwidget.cpp">
      <Filter>源文件</Filter>
    </ClCompile>
    <ClCompile Include="..\GeneratedFiles\Debug\moc_InviwoDockWidget.cpp">
      <Filter>Moc_File</Filter>
    </ClCompile>
    <ClCompile Include="..\GeneratedFiles\Debug\moc_InviwoDockWidgetTitleBar.cpp">
      <Filter>Moc_File</Filter>
    </ClCompile>
    <ClCompile Include="..\GeneratedFiles\Debug\moc_propertylistwidget.cpp">
      <Filter>Moc_File</Filter>
    </ClCompile>
    <ClCompile Include="..\GeneratedFiles\Debug\moc_propertywidgetqt.cpp">
      <Filter>Moc_File</Filter>
    </ClCompile>
    <ClCompile Include="properties\collapsiblegroupboxwidgetqt.cpp">
      <Filter>源文件\properties</Filter>
    </ClCompile>
    <ClCompile Include="properties\propertywidgetqt.cpp">
      <Filter>源文件\properties</Filter>
    </ClCompile>
    <ClCompile Include="editablelabelqt.cpp">
      <Filter>源文件</Filter>
    </ClCompile>
  </ItemGroup>
  <ItemGroup>
    <ClInclude Include="qtwidgetsmoduledefine.h">
      <Filter>头文件</Filter>
    </ClInclude>
    <ClInclude Include="properties\collapsiblegroupboxwidgetqt.h">
      <Filter>头文件\properties</Filter>
    </ClInclude>
    <ClInclude Include="properties\propertywidgetqt.h">
      <Filter>头文件\properties</Filter>
    </ClInclude>
    <ClInclude Include="editablelabelqt.h">
      <Filter>头文件</Filter>
    </ClInclude>
  </ItemGroup>
  <ItemGroup>
    <CustomBuild Include="InviwoDockWidget.h">
      <Filter>头文件</Filter>
    </CustomBuild>
    <CustomBuild Include="InviwoDockWidgetTitleBar.h">
      <Filter>头文件</Filter>
    </CustomBuild>
    <CustomBuild Include="propertylistwidget.h">
      <Filter>头文件</Filter>
    </CustomBuild>
  </ItemGroup>
</Project>