<?xml version="1.0" encoding="utf-8"?>
<Project ToolsVersion="4.0" xmlns="http://schemas.microsoft.com/developer/msbuild/2003">
  <ItemGroup>
    <Filter Include="Source Files">
      <UniqueIdentifier>{4FC737F1-C7A5-4376-A066-2A32D752A2FF}</UniqueIdentifier>
      <Extensions>cpp;c;cc;cxx;def;odl;idl;hpj;bat;asm;asmx</Extensions>
    </Filter>
    <Filter Include="Header Files">
      <UniqueIdentifier>{93995380-89BD-4b04-88EB-625FBE52EBFB}</UniqueIdentifier>
      <Extensions>h;hh;hpp;hxx;hm;inl;inc;xsd</Extensions>
    </Filter>
    <Filter Include="Resource Files">
      <UniqueIdentifier>{D9D6E242-F8AF-46E4-B9FD-80ECBC20BA3E}</UniqueIdentifier>
      <Extensions>qrc;*</Extensions>
      <ParseFiles>false</ParseFiles>
    </Filter>
    <Filter Include="Form Files">
      <UniqueIdentifier>{99349809-55BA-4b9d-BF79-8FDBB0286EB3}</UniqueIdentifier>
      <Extensions>ui</Extensions>
    </Filter>
    <Filter Include="Resource Files">
      <UniqueIdentifier>{D9D6E242-F8AF-46E4-B9FD-80ECBC20BA3E}</UniqueIdentifier>
      <Extensions>qrc;*</Extensions>
      <ParseFiles>false</ParseFiles>
    </Filter>
    <Filter Include="Generated Files">
      <UniqueIdentifier>{71ED8ED8-ACB9-4CE9-BBE1-E00B30144E11}</UniqueIdentifier>
      <Extensions>moc;h;cpp</Extensions>
      <SourceControlFiles>False</SourceControlFiles>
    </Filter>
    <Filter Include="Inviwo_applicationbase">
      <UniqueIdentifier>{e9fafb67-9b08-44de-86bd-ea2fa3afabe9}</UniqueIdentifier>
    </Filter>
    <Filter Include="Inviwo_SplashScreen">
      <UniqueIdentifier>{6044943a-d370-471c-9e67-156f70ad5fbd}</UniqueIdentifier>
    </Filter>
    <Filter Include="Inviwo_editor">
      <UniqueIdentifier>{d7386b55-e503-447c-8063-eb3678e72e31}</UniqueIdentifier>
    </Filter>
    <Filter Include="Inviwo_editor\header">
      <UniqueIdentifier>{ad0a0828-4e54-4486-aab0-4ce2de74b293}</UniqueIdentifier>
    </Filter>
    <Filter Include="Inviwo_editor\Source">
      <UniqueIdentifier>{f4554f96-a5bd-4735-a5e6-a48c4b58673e}</UniqueIdentifier>
    </Filter>
    <Filter Include="Inviwo_module_qtwidgets">
      <UniqueIdentifier>{b96c3a9d-8ef8-4576-b1d2-009d031fc5d0}</UniqueIdentifier>
    </Filter>
    <Filter Include="Inviwo_module_qtwidgets\Headers">
      <UniqueIdentifier>{3e02c2b0-3592-4267-a9a9-d7d50daea523}</UniqueIdentifier>
    </Filter>
    <Filter Include="Inviwo_module_qtwidgets\Sources">
      <UniqueIdentifier>{3d78bc11-d3f3-444f-8f78-b2f42f8475a5}</UniqueIdentifier>
    </Filter>
    <Filter Include="inviwo-core">
      <UniqueIdentifier>{bb194c53-5094-4239-9019-8b58caf54fb1}</UniqueIdentifier>
    </Filter>
    <Filter Include="inviwo-core\Source Files">
      <UniqueIdentifier>{dc107570-daf1-4e89-b7a9-24b4e5126ba8}</UniqueIdentifier>
    </Filter>
    <Filter Include="inviwo-core\Header Files">
      <UniqueIdentifier>{96579fb4-a33e-436d-8cc5-862447f10fc6}</UniqueIdentifier>
    </Filter>
    <Filter Include="inviwo-core\Header Files\util">
      <UniqueIdentifier>{abd2b5fb-72fc-4d27-8c5a-01e353025f26}</UniqueIdentifier>
    </Filter>
    <Filter Include="inviwo-core\Source Files\util">
      <UniqueIdentifier>{c8f79134-e13d-46f3-a4fd-79439e98d85a}</UniqueIdentifier>
    </Filter>
    <Filter Include="Inviwo_editor\header\properties">
      <UniqueIdentifier>{fda3d8c6-d3f8-4fb6-857a-bc996b8e86b0}</UniqueIdentifier>
    </Filter>
    <Filter Include="Inviwo_editor\Source\properties">
      <UniqueIdentifier>{54c3d088-a821-45aa-aa73-0933921e148c}</UniqueIdentifier>
    </Filter>
  </ItemGroup>
  <ItemGroup>
    <ClCompile Include="main.cpp">
      <Filter>Source Files</Filter>
    </ClCompile>
    <ClCompile Include="InviwoSplashScreen.cpp">
      <Filter>Inviwo_SplashScreen</Filter>
    </ClCompile>
    <ClCompile Include="InviwoApplicationQt.cpp">
      <Filter>Inviwo_applicationbase</Filter>
    </ClCompile>
    <ClCompile Include="InviwoMainWindow.cpp">
      <Filter>Inviwo_editor\Source</Filter>
    </ClCompile>
    <ClCompile Include="settingswidget.cpp">
      <Filter>Inviwo_editor\Source</Filter>
    </ClCompile>
    <ClCompile Include="InviwoDockWidget.cpp">
      <Filter>Inviwo_module_qtwidgets\Sources</Filter>
    </ClCompile>
    <ClCompile Include="InviwoDockWidgetTitleBar.cpp">
      <Filter>Inviwo_module_qtwidgets\Sources</Filter>
    </ClCompile>
    <ClCompile Include="processorlistwidget.cpp">
      <Filter>Inviwo_editor\Source</Filter>
    </ClCompile>
    <ClCompile Include="helpwidget.cpp">
      <Filter>Inviwo_editor\Source</Filter>
    </ClCompile>
    <ClCompile Include="propertylistwidget.cpp">
      <Filter>Inviwo_module_qtwidgets\Sources</Filter>
    </ClCompile>
    <ClCompile Include="consolewidget.cpp">
      <Filter>Inviwo_editor\Source</Filter>
    </ClCompile>
    <ClCompile Include="networkeditor.cpp">
      <Filter>Inviwo_editor\Source</Filter>
    </ClCompile>
    <ClCompile Include="networkeditorview.cpp">
      <Filter>Inviwo_editor\Source</Filter>
    </ClCompile>
    <ClCompile Include="propertywidgetqt.cpp">
      <Filter>Inviwo_editor\Source\properties</Filter>
    </ClCompile>
  </ItemGroup>
  <ItemGroup>
    <QtMoc Include="InviwoSplashScreen.h">
      <Filter>Inviwo_SplashScreen</Filter>
    </QtMoc>
    <QtMoc Include="InviwoApplicationQt.h">
      <Filter>Inviwo_applicationbase</Filter>
    </QtMoc>
    <QtMoc Include="InviwoMainWindow.h">
      <Filter>Inviwo_editor\header</Filter>
    </QtMoc>
    <QtMoc Include="InviwoDockWidget.h">
      <Filter>Inviwo_module_qtwidgets\Headers</Filter>
    </QtMoc>
    <QtMoc Include="InviwoDockWidgetTitleBar.h">
      <Filter>Inviwo_module_qtwidgets\Headers</Filter>
    </QtMoc>
    <QtMoc Include="settingswidget.h">
      <Filter>Inviwo_editor\header</Filter>
    </QtMoc>
    <QtMoc Include="processorlistwidget.h">
      <Filter>Inviwo_editor\header</Filter>
    </QtMoc>
    <QtMoc Include="propertylistwidget.h">
      <Filter>Inviwo_module_qtwidgets\Headers</Filter>
    </QtMoc>
    <QtMoc Include="consolewidget.h">
      <Filter>Inviwo_editor\header</Filter>
    </QtMoc>
    <QtMoc Include="propertywidgetqt.h">
      <Filter>Inviwo_editor\header\properties</Filter>
    </QtMoc>
  </ItemGroup>
  <ItemGroup>
    <QtRcc Include="Inviwo.qrc">
      <Filter>Resource Files</Filter>
    </QtRcc>
  </ItemGroup>
  <ItemGroup>
    <ClInclude Include="helpwidget.h">
      <Filter>Inviwo_editor\header</Filter>
    </ClInclude>
    <ClInclude Include="networkeditor.h">
      <Filter>Inviwo_editor\header</Filter>
    </ClInclude>
    <ClInclude Include="networkeditorview.h">
      <Filter>Inviwo_editor\header</Filter>
    </ClInclude>
    <ClInclude Include="raiiutils.h">
      <Filter>inviwo-core\Header Files\util</Filter>
    </ClInclude>
  </ItemGroup>
</Project>